
Microsoft Visual Studio Solution File, Format Version 12.00
# Visual Studio Version 16
VisualStudioVersion = 16.0.32802.440
MinimumVisualStudioVersion = 10.0.40219.1
Project("{FAE04EC0-301F-11D3-BF4B-00C04F79EFBC}") = "InheritanceConsoleProject", "InheritanceConsoleProject.csproj", "{C181A45D-FB40-4E00-8625-7680F5CE73EB}"
EndProject
Global
	GlobalSection(SolutionConfigurationPlatforms) = preSolution
		Debug|Any CPU = Debug|Any CPU
		Release|Any CPU = Release|Any CPU
	EndGlobalSection
	GlobalSection(ProjectConfigurationPlatforms) = postSolution
		{C181A45D-FB40-4E00-8625-7680F5CE73EB}.Debug|Any CPU.ActiveCfg = Debug|Any CPU
		{C181A45D-FB40-4E00-8625-7680F5CE73EB}.Debug|Any CPU.Build.0 = Debug|Any CPU
		{C181A45D-FB40-4E00-8625-7680F5CE73EB}.Release|Any CPU.ActiveCfg = Release|Any CPU
		{C181A45D-FB40-4E00-8625-7680F5CE73EB}.Release|Any CPU.Build.0 = Release|Any CPU
	EndGlobalSection
	GlobalSection(SolutionProperties) = preSolution
		HideSolutionNode = FALSE
	EndGlobalSection
	GlobalSection(ExtensibilityGlobals) = postSolution
		SolutionGuid = {CD509CBE-8258-4398-9D88-C56066394941}
	EndGlobalSection
EndGlobal
